
Microsoft Visual Studio Solution File, Format Version 12.00
# Visual Studio Version 17
VisualStudioVersion = 17.2.32519.379
MinimumVisualStudioVersion = 10.0.40219.1
Project("{9A19103F-16F7-4668-BE54-9A1E7A4F7556}") = "CustomActionTester", "CustomActionTester\CustomActionTester.csproj", "{467AB725-F2F5-42F0-828D-AB5801B20C81}"
EndProject
Project("{9A19103F-16F7-4668-BE54-9A1E7A4F7556}") = "WebJobs", "..\src\WebJobs.csproj", "{95302614-D04D-4D8D-82B3-87A229976E00}"
EndProject
Global
	GlobalSection(SolutionConfigurationPlatforms) = preSolution
		Debug|Any CPU = Debug|Any CPU
		Release|Any CPU = Release|Any CPU
	EndGlobalSection
	GlobalSection(ProjectConfigurationPlatforms) = postSolution
		{467AB725-F2F5-42F0-828D-AB5801B20C81}.Debug|Any CPU.ActiveCfg = Debug|Any CPU
		{467AB725-F2F5-42F0-828D-AB5801B20C81}.Debug|Any CPU.Build.0 = Debug|Any CPU
		{467AB725-F2F5-42F0-828D-AB5801B20C81}.Release|Any CPU.ActiveCfg = Release|Any CPU
		{467AB725-F2F5-42F0-828D-AB5801B20C81}.Release|Any CPU.Build.0 = Release|Any CPU
		{95302614-D04D-4D8D-82B3-87A229976E00}.Debug|Any CPU.ActiveCfg = Debug|Any CPU
		{95302614-D04D-4D8D-82B3-87A229976E00}.Debug|Any CPU.Build.0 = Debug|Any CPU
		{95302614-D04D-4D8D-82B3-87A229976E00}.Release|Any CPU.ActiveCfg = Release|Any CPU
		{95302614-D04D-4D8D-82B3-87A229976E00}.Release|Any CPU.Build.0 = Release|Any CPU
	EndGlobalSection
	GlobalSection(SolutionProperties) = preSolution
		HideSolutionNode = FALSE
	EndGlobalSection
	GlobalSection(ExtensibilityGlobals) = postSolution
		SolutionGuid = {B8334B59-3DFD-4E32-9E30-D32314DFCFEF}
	EndGlobalSection
EndGlobal
