
Microsoft Visual Studio Solution File, Format Version 12.00
# Visual Studio Version 16
VisualStudioVersion = 16.0.31410.357
MinimumVisualStudioVersion = 10.0.40219.1
Project("{9A19103F-16F7-4668-BE54-9A1E7A4F7556}") = "WebJobs.Actions", "WebJobs.Actions\WebJobs.Actions.csproj", "{B404D929-CFAF-42D1-8597-3E28D9A6E446}"
EndProject
Project("{FAE04EC0-301F-11D3-BF4B-00C04F79EFBC}") = "WebJobs.ActionsTests", "..\tests\WebJobs.ActionsTests\WebJobs.ActionsTests.csproj", "{391B6D07-A262-478D-8983-80D562316F9A}"
EndProject
Global
	GlobalSection(SolutionConfigurationPlatforms) = preSolution
		Debug|Any CPU = Debug|Any CPU
		Release|Any CPU = Release|Any CPU
	EndGlobalSection
	GlobalSection(ProjectConfigurationPlatforms) = postSolution
		{B404D929-CFAF-42D1-8597-3E28D9A6E446}.Debug|Any CPU.ActiveCfg = Debug|Any CPU
		{B404D929-CFAF-42D1-8597-3E28D9A6E446}.Debug|Any CPU.Build.0 = Debug|Any CPU
		{B404D929-CFAF-42D1-8597-3E28D9A6E446}.Release|Any CPU.ActiveCfg = Release|Any CPU
		{B404D929-CFAF-42D1-8597-3E28D9A6E446}.Release|Any CPU.Build.0 = Release|Any CPU
		{391B6D07-A262-478D-8983-80D562316F9A}.Debug|Any CPU.ActiveCfg = Debug|Any CPU
		{391B6D07-A262-478D-8983-80D562316F9A}.Debug|Any CPU.Build.0 = Debug|Any CPU
		{391B6D07-A262-478D-8983-80D562316F9A}.Release|Any CPU.ActiveCfg = Release|Any CPU
		{391B6D07-A262-478D-8983-80D562316F9A}.Release|Any CPU.Build.0 = Release|Any CPU
	EndGlobalSection
	GlobalSection(SolutionProperties) = preSolution
		HideSolutionNode = FALSE
	EndGlobalSection
	GlobalSection(ExtensibilityGlobals) = postSolution
		SolutionGuid = {7DA932F2-39C0-4F0D-A087-72D86FA22DCA}
	EndGlobalSection
EndGlobal
